# This file is automatically @generated by Cargo.
# It is not intended for manual editing.
version = 3

[[package]]
name = "gcd"
version = "0.1.0"

[[package]]
name = "idsl1"
version = "0.1.0"
dependencies = [
 "gcd",
 "input_lib",
 "prime",
]

[[package]]
name = "input_lib"
version = "0.1.0"

[[package]]
name = "prime"
version = "0.1.0"
